
Microsoft Visual Studio Solution File, Format Version 12.00
# Visual Studio 15
VisualStudioVersion = 15.0.25928.0
MinimumVisualStudioVersion = 10.0.40219.1
Project("{FAE04EC0-301F-11D3-BF4B-00C04F79EFBC}") = "PdfServer", "PdfServer\PdfServer.csproj", "{B3503610-360A-49BF-A498-3A1445FECE26}"
EndProject
Project("{FAE04EC0-301F-11D3-BF4B-00C04F79EFBC}") = "PdfServer.Tests", "PdfServer.Tests\PdfServer.Tests.csproj", "{30B8EBED-C47F-49F8-8149-872FECD9041C}"
EndProject
Project("{FAE04EC0-301F-11D3-BF4B-00C04F79EFBC}") = "PdfServer.Converter", "PdfServer.Converter\PdfServer.Converter.csproj", "{412F6043-2935-4434-B6A6-7CD474F9D609}"
EndProject
Global
	GlobalSection(SolutionConfigurationPlatforms) = preSolution
		Debug|Any CPU = Debug|Any CPU
		Release|Any CPU = Release|Any CPU
	EndGlobalSection
	GlobalSection(ProjectConfigurationPlatforms) = postSolution
		{B3503610-360A-49BF-A498-3A1445FECE26}.Debug|Any CPU.ActiveCfg = Debug|Any CPU
		{B3503610-360A-49BF-A498-3A1445FECE26}.Debug|Any CPU.Build.0 = Debug|Any CPU
		{B3503610-360A-49BF-A498-3A1445FECE26}.Release|Any CPU.ActiveCfg = Release|Any CPU
		{B3503610-360A-49BF-A498-3A1445FECE26}.Release|Any CPU.Build.0 = Release|Any CPU
		{30B8EBED-C47F-49F8-8149-872FECD9041C}.Debug|Any CPU.ActiveCfg = Debug|Any CPU
		{30B8EBED-C47F-49F8-8149-872FECD9041C}.Debug|Any CPU.Build.0 = Debug|Any CPU
		{30B8EBED-C47F-49F8-8149-872FECD9041C}.Release|Any CPU.ActiveCfg = Release|Any CPU
		{30B8EBED-C47F-49F8-8149-872FECD9041C}.Release|Any CPU.Build.0 = Release|Any CPU
		{412F6043-2935-4434-B6A6-7CD474F9D609}.Debug|Any CPU.ActiveCfg = Debug|Any CPU
		{412F6043-2935-4434-B6A6-7CD474F9D609}.Debug|Any CPU.Build.0 = Debug|Any CPU
		{412F6043-2935-4434-B6A6-7CD474F9D609}.Release|Any CPU.ActiveCfg = Release|Any CPU
		{412F6043-2935-4434-B6A6-7CD474F9D609}.Release|Any CPU.Build.0 = Release|Any CPU
	EndGlobalSection
	GlobalSection(SolutionProperties) = preSolution
		HideSolutionNode = FALSE
	EndGlobalSection
EndGlobal
